// !$*UTF8*$!
{
	archiveVersion = 1;
	classes = {
	};
	objectVersion = 48;
	objects = {

/* Begin PBXBuildFile section */
		41AB79C01FCE8E3F00748922 /* AppDelegate.m in Sources */ = {isa = PBXBuildFile; fileRef = 41AB79BF1FCE8E3F00748922 /* AppDelegate.m */; };
		41AB79C31FCE8E3F00748922 /* ViewController.m in Sources */ = {isa = PBXBuildFile; fileRef = 41AB79C21FCE8E3F00748922 /* ViewController.m */; };
		41AB79C61FCE8E3F00748922 /* Main.storyboard in Resources */ = {isa = PBXBuildFile; fileRef = 41AB79C41FCE8E3F00748922 /* Main.storyboard */; };
		41AB79C81FCE8E3F00748922 /* Assets.xcassets in Resources */ = {isa = PBXBuildFile; fileRef = 41AB79C71FCE8E3F00748922 /* Assets.xcassets */; };
		41AB79CB1FCE8E3F00748922 /* LaunchScreen.storyboard in Resources */ = {isa = PBXBuildFile; fileRef = 41AB79C91FCE8E3F00748922 /* LaunchScreen.storyboard */; };
		41AB79CE1FCE8E3F00748922 /* main.m in Sources */ = {isa = PBXBuildFile; fileRef = 41AB79CD1FCE8E3F00748922 /* main.m */; };
		41AB79DD1FCE8E8300748922 /* ZXYBallProgress.m in Sources */ = {isa = PBXBuildFile; fileRef = 41AB79D61FCE8E8300748922 /* ZXYBallProgress.m */; };
		41AB79DE1FCE8E8300748922 /* ZXYCircleProgress.m in Sources */ = {isa = PBXBuildFile; fileRef = 41AB79D81FCE8E8300748922 /* ZXYCircleProgress.m */; };
		41AB79DF1FCE8E8300748922 /* ZXYSectorProgress.m in Sources */ = {isa = PBXBuildFile; fileRef = 41AB79DA1FCE8E8300748922 /* ZXYSectorProgress.m */; };
		41AB79E01FCE8E8300748922 /* ZXYWaveProgress.m in Sources */ = {isa = PBXBuildFile; fileRef = 41AB79DC1FCE8E8300748922 /* ZXYWaveProgress.m */; };
		41AB79E21FCE8EA100748922 /* demo.gif in Resources */ = {isa = PBXBuildFile; fileRef = 41AB79E11FCE8EA100748922 /* demo.gif */; };
		41D820FD1FDFD77000EAD418 /* ZXYGradientProgress.m in Sources */ = {isa = PBXBuildFile; fileRef = 41D820FC1FDFD77000EAD418 /* ZXYGradientProgress.m */; };
/* End PBXBuildFile section */

/* Begin PBXFileReference section */
		41AB79BB1FCE8E3F00748922 /* ProgressView.app */ = {isa = PBXFileReference; explicitFileType = wrapper.application; includeInIndex = 0; path = ProgressView.app; sourceTree = BUILT_PRODUCTS_DIR; };
		41AB79BE1FCE8E3F00748922 /* AppDelegate.h */ = {isa = PBXFileReference; lastKnownFileType = sourcecode.c.h; path = AppDelegate.h; sourceTree = "<group>"; };
		41AB79BF1FCE8E3F00748922 /* AppDelegate.m */ = {isa = PBXFileReference; lastKnownFileType = sourcecode.c.objc; path = AppDelegate.m; sourceTree = "<group>"; };
		41AB79C11FCE8E3F00748922 /* ViewController.h */ = {isa = PBXFileReference; lastKnownFileType = sourcecode.c.h; path = ViewController.h; sourceTree = "<group>"; };
		41AB79C21FCE8E3F00748922 /* ViewController.m */ = {isa = PBXFileReference; lastKnownFileType = sourcecode.c.objc; path = ViewController.m; sourceTree = "<group>"; };
		41AB79C51FCE8E3F00748922 /* Base */ = {isa = PBXFileReference; lastKnownFileType = file.storyboard; name = Base; path = Base.lproj/Main.storyboard; sourceTree = "<group>"; };
		41AB79C71FCE8E3F00748922 /* Assets.xcassets */ = {isa = PBXFileReference; lastKnownFileType = folder.assetcatalog; path = Assets.xcassets; sourceTree = "<group>"; };
		41AB79CA1FCE8E3F00748922 /* Base */ = {isa = PBXFileReference; lastKnownFileType = file.storyboard; name = Base; path = Base.lproj/LaunchScreen.storyboard; sourceTree = "<group>"; };
		41AB79CC1FCE8E3F00748922 /* Info.plist */ = {isa = PBXFileReference; lastKnownFileType = text.plist.xml; path = Info.plist; sourceTree = "<group>"; };
		41AB79CD1FCE8E3F00748922 /* main.m */ = {isa = PBXFileReference; lastKnownFileType = sourcecode.c.objc; path = main.m; sourceTree = "<group>"; };
		41AB79D51FCE8E8300748922 /* ZXYBallProgress.h */ = {isa = PBXFileReference; fileEncoding = 4; lastKnownFileType = sourcecode.c.h; path = ZXYBallProgress.h; sourceTree = "<group>"; };
		41AB79D61FCE8E8300748922 /* ZXYBallProgress.m */ = {isa = PBXFileReference; fileEncoding = 4; lastKnownFileType = sourcecode.c.objc; path = ZXYBallProgress.m; sourceTree = "<group>"; };
		41AB79D71FCE8E8300748922 /* ZXYCircleProgress.h */ = {isa = PBXFileReference; fileEncoding = 4; lastKnownFileType = sourcecode.c.h; path = ZXYCircleProgress.h; sourceTree = "<group>"; };
		41AB79D81FCE8E8300748922 /* ZXYCircleProgress.m */ = {isa = PBXFileReference; fileEncoding = 4; lastKnownFileType = sourcecode.c.objc; path = ZXYCircleProgress.m; sourceTree = "<group>"; };
		41AB79D91FCE8E8300748922 /* ZXYSectorProgress.h */ = {isa = PBXFileReference; fileEncoding = 4; lastKnownFileType = sourcecode.c.h; path = ZXYSectorProgress.h; sourceTree = "<group>"; };
		41AB79DA1FCE8E8300748922 /* ZXYSectorProgress.m */ = {isa = PBXFileReference; fileEncoding = 4; lastKnownFileType = sourcecode.c.objc; path = ZXYSectorProgress.m; sourceTree = "<group>"; };
		41AB79DB1FCE8E8300748922 /* ZXYWaveProgress.h */ = {isa = PBXFileReference; fileEncoding = 4; lastKnownFileType = sourcecode.c.h; path = ZXYWaveProgress.h; sourceTree = "<group>"; };
		41AB79DC1FCE8E8300748922 /* ZXYWaveProgress.m */ = {isa = PBXFileReference; fileEncoding = 4; lastKnownFileType = sourcecode.c.objc; path = ZXYWaveProgress.m; sourceTree = "<group>"; };
		41AB79E11FCE8EA100748922 /* demo.gif */ = {isa = PBXFileReference; lastKnownFileType = image.gif; path = demo.gif; sourceTree = "<group>"; };
		41D820FB1FDFD77000EAD418 /* ZXYGradientProgress.h */ = {isa = PBXFileReference; lastKnownFileType = sourcecode.c.h; path = ZXYGradientProgress.h; sourceTree = "<group>"; };
		41D820FC1FDFD77000EAD418 /* ZXYGradientProgress.m */ = {isa = PBXFileReference; lastKnownFileType = sourcecode.c.objc; path = ZXYGradientProgress.m; sourceTree = "<group>"; };
/* End PBXFileReference section */

/* Begin PBXFrameworksBuildPhase section */
		41AB79B81FCE8E3F00748922 /* Frameworks */ = {
			isa = PBXFrameworksBuildPhase;
			buildActionMask = 2147483647;
			files = (
			);
			runOnlyForDeploymentPostprocessing = 0;
		};
/* End PBXFrameworksBuildPhase section */

/* Begin PBXGroup section */
		41AB79B21FCE8E3F00748922 = {
			isa = PBXGroup;
			children = (
				41AB79BD1FCE8E3F00748922 /* ProgressView */,
				41AB79BC1FCE8E3F00748922 /* Products */,
			);
			sourceTree = "<group>";
		};
		41AB79BC1FCE8E3F00748922 /* Products */ = {
			isa = PBXGroup;
			children = (
				41AB79BB1FCE8E3F00748922 /* ProgressView.app */,
			);
			name = Products;
			sourceTree = "<group>";
		};
		41AB79BD1FCE8E3F00748922 /* ProgressView */ = {
			isa = PBXGroup;
			children = (
				41AB79BE1FCE8E3F00748922 /* AppDelegate.h */,
				41AB79BF1FCE8E3F00748922 /* AppDelegate.m */,
				41AB79C11FCE8E3F00748922 /* ViewController.h */,
				41AB79C21FCE8E3F00748922 /* ViewController.m */,
				41AB79D41FCE8E8300748922 /* ZXYProgressView */,
				41AB79C41FCE8E3F00748922 /* Main.storyboard */,
				41AB79C71FCE8E3F00748922 /* Assets.xcassets */,
				41AB79C91FCE8E3F00748922 /* LaunchScreen.storyboard */,
				41AB79CC1FCE8E3F00748922 /* Info.plist */,
				41AB79CD1FCE8E3F00748922 /* main.m */,
			);
			path = ProgressView;
			sourceTree = "<group>";
		};
		41AB79D41FCE8E8300748922 /* ZXYProgressView */ = {
			isa = PBXGroup;
			children = (
				41AB79E11FCE8EA100748922 /* demo.gif */,
				41AB79D51FCE8E8300748922 /* ZXYBallProgress.h */,
				41AB79D61FCE8E8300748922 /* ZXYBallProgress.m */,
				41AB79D71FCE8E8300748922 /* ZXYCircleProgress.h */,
				41AB79D81FCE8E8300748922 /* ZXYCircleProgress.m */,
				41AB79D91FCE8E8300748922 /* ZXYSectorProgress.h */,
				41AB79DA1FCE8E8300748922 /* ZXYSectorProgress.m */,
				41AB79DB1FCE8E8300748922 /* ZXYWaveProgress.h */,
				41AB79DC1FCE8E8300748922 /* ZXYWaveProgress.m */,
				41D820FB1FDFD77000EAD418 /* ZXYGradientProgress.h */,
				41D820FC1FDFD77000EAD418 /* ZXYGradientProgress.m */,
			);
			path = ZXYProgressView;
			sourceTree = "<group>";
		};
/* End PBXGroup section */

/* Begin PBXNativeTarget section */
		41AB79BA1FCE8E3F00748922 /* ProgressView */ = {
			isa = PBXNativeTarget;
			buildConfigurationList = 41AB79D11FCE8E3F00748922 /* Build configuration list for PBXNativeTarget "ProgressView" */;
			buildPhases = (
				41AB79B71FCE8E3F00748922 /* Sources */,
				41AB79B81FCE8E3F00748922 /* Frameworks */,
				41AB79B91FCE8E3F00748922 /* Resources */,
			);
			buildRules = (
			);
			dependencies = (
			);
			name = ProgressView;
			productName = ProgressView;
			productReference = 41AB79BB1FCE8E3F00748922 /* ProgressView.app */;
			productType = "com.apple.product-type.application";
		};
/* End PBXNativeTarget section */

/* Begin PBXProject section */
		41AB79B31FCE8E3F00748922 /* Project object */ = {
			isa = PBXProject;
			attributes = {
				LastUpgradeCheck = 0910;
				ORGANIZATIONNAME = "赵向禹";
				TargetAttributes = {
					41AB79BA1FCE8E3F00748922 = {
						CreatedOnToolsVersion = 9.1;
						ProvisioningStyle = Automatic;
					};
				};
			};
			buildConfigurationList = 41AB79B61FCE8E3F00748922 /* Build configuration list for PBXProject "ProgressView" */;
			compatibilityVersion = "Xcode 8.0";
			developmentRegion = en;
			hasScannedForEncodings = 0;
			knownRegions = (
				en,
				Base,
			);
			mainGroup = 41AB79B21FCE8E3F00748922;
			productRefGroup = 41AB79BC1FCE8E3F00748922 /* Products */;
			projectDirPath = "";
			projectRoot = "";
			targets = (
				41AB79BA1FCE8E3F00748922 /* ProgressView */,
			);
		};
/* End PBXProject section */

/* Begin PBXResourcesBuildPhase section */
		41AB79B91FCE8E3F00748922 /* Resources */ = {
			isa = PBXResourcesBuildPhase;
			buildActionMask = 2147483647;
			files = (
				41AB79CB1FCE8E3F00748922 /* LaunchScreen.storyboard in Resources */,
				41AB79E21FCE8EA100748922 /* demo.gif in Resources */,
				41AB79C81FCE8E3F00748922 /* Assets.xcassets in Resources */,
				41AB79C61FCE8E3F00748922 /* Main.storyboard in Resources */,
			);
			runOnlyForDeploymentPostprocessing = 0;
		};
/* End PBXResourcesBuildPhase section */

/* Begin PBXSourcesBuildPhase section */
		41AB79B71FCE8E3F00748922 /* Sources */ = {
			isa = PBXSourcesBuildPhase;
			buildActionMask = 2147483647;
			files = (
				41AB79C31FCE8E3F00748922 /* ViewController.m in Sources */,
				41AB79CE1FCE8E3F00748922 /* main.m in Sources */,
				41AB79DF1FCE8E8300748922 /* ZXYSectorProgress.m in Sources */,
				41AB79E01FCE8E8300748922 /* ZXYWaveProgress.m in Sources */,
				41AB79C01FCE8E3F00748922 /* AppDelegate.m in Sources */,
				41AB79DD1FCE8E8300748922 /* ZXYBallProgress.m in Sources */,
				41D820FD1FDFD77000EAD418 /* ZXYGradientProgress.m in Sources */,
				41AB79DE1FCE8E8300748922 /* ZXYCircleProgress.m in Sources */,
			);
			runOnlyForDeploymentPostprocessing = 0;
		};
/* End PBXSourcesBuildPhase section */

/* Begin PBXVariantGroup section */
		41AB79C41FCE8E3F00748922 /* Main.storyboard */ = {
			isa = PBXVariantGroup;
			children = (
				41AB79C51FCE8E3F00748922 /* Base */,
			);
			name = Main.storyboard;
			sourceTree = "<group>";
		};
		41AB79C91FCE8E3F00748922 /* LaunchScreen.storyboard */ = {
			isa = PBXVariantGroup;
			children = (
				41AB79CA1FCE8E3F00748922 /* Base */,
			);
			name = LaunchScreen.storyboard;
			sourceTree = "<group>";
		};
/* End PBXVariantGroup section */

/* Begin XCBuildConfiguration section */
		41AB79CF1FCE8E3F00748922 /* Debug */ = {
			isa = XCBuildConfiguration;
			buildSettings = {
				ALWAYS_SEARCH_USER_PATHS = NO;
				CLANG_ANALYZER_NONNULL = YES;
				CLANG_ANALYZER_NUMBER_OBJECT_CONVERSION = YES_AGGRESSIVE;
				CLANG_CXX_LANGUAGE_STANDARD = "gnu++14";
				CLANG_CXX_LIBRARY = "libc++";
				CLANG_ENABLE_MODULES = YES;
				CLANG_ENABLE_OBJC_ARC = YES;
				CLANG_WARN_BLOCK_CAPTURE_AUTORELEASING = YES;
				CLANG_WARN_BOOL_CONVERSION = YES;
				CLANG_WARN_COMMA = YES;
				CLANG_WARN_CONSTANT_CONVERSION = YES;
				CLANG_WARN_DIRECT_OBJC_ISA_USAGE = YES_ERROR;
				CLANG_WARN_DOCUMENTATION_COMMENTS = YES;
				CLANG_WARN_EMPTY_BODY = YES;
				CLANG_WARN_ENUM_CONVERSION = YES;
				CLANG_WARN_INFINITE_RECURSION = YES;
				CLANG_WARN_INT_CONVERSION = YES;
				CLANG_WARN_NON_LITERAL_NULL_CONVERSION = YES;
				CLANG_WARN_OBJC_LITERAL_CONVERSION = YES;
				CLANG_WARN_OBJC_ROOT_CLASS = YES_ERROR;
				CLANG_WARN_RANGE_LOOP_ANALYSIS = YES;
				CLANG_WARN_STRICT_PROTOTYPES = YES;
				CLANG_WARN_SUSPICIOUS_MOVE = YES;
				CLANG_WARN_UNGUARDED_AVAILABILITY = YES_AGGRESSIVE;
				CLANG_WARN_UNREACHABLE_CODE = YES;
				CLANG_WARN__DUPLICATE_METHOD_MATCH = YES;
				CODE_SIGN_IDENTITY = "iPhone Developer";
				COPY_PHASE_STRIP = NO;
				DEBUG_INFORMATION_FORMAT = dwarf;
				ENABLE_STRICT_OBJC_MSGSEND = YES;
				ENABLE_TESTABILITY = YES;
				GCC_C_LANGUAGE_STANDARD = gnu11;
				GCC_DYNAMIC_NO_PIC = NO;
				GCC_NO_COMMON_BLOCKS = YES;
				GCC_OPTIMIZATION_LEVEL = 0;
				GCC_PREPROCESSOR_DEFINITIONS = (
					"DEBUG=1",
					"$(inherited)",
				);
				GCC_WARN_64_TO_32_BIT_CONVERSION = YES;
				GCC_WARN_ABOUT_RETURN_TYPE = YES_ERROR;
				GCC_WARN_UNDECLARED_SELECTOR = YES;
				GCC_WARN_UNINITIALIZED_AUTOS = YES_AGGRESSIVE;
				GCC_WARN_UNUSED_FUNCTION = YES;
				GCC_WARN_UNUSED_VARIABLE = YES;
				IPHONEOS_DEPLOYMENT_TARGET = 9.0;
				MTL_ENABLE_DEBUG_INFO = YES;
				ONLY_ACTIVE_ARCH = YES;
				SDKROOT = iphoneos;
			};
			name = Debug;
		};
		41AB79D01FCE8E3F00748922 /* Release */ = {
			isa = XCBuildConfiguration;
			buildSettings = {
				ALWAYS_SEARCH_USER_PATHS = NO;
				CLANG_ANALYZER_NONNULL = YES;
				CLANG_ANALYZER_NUMBER_OBJECT_CONVERSION = YES_AGGRESSIVE;
				CLANG_CXX_LANGUAGE_STANDARD = "gnu++14";
				CLANG_CXX_LIBRARY = "libc++";
				CLANG_ENABLE_MODULES = YES;
				CLANG_ENABLE_OBJC_ARC = YES;
				CLANG_WARN_BLOCK_CAPTURE_AUTORELEASING = YES;
				CLANG_WARN_BOOL_CONVERSION = YES;
				CLANG_WARN_COMMA = YES;
				CLANG_WARN_CONSTANT_CONVERSION = YES;
				CLANG_WARN_DIRECT_OBJC_ISA_USAGE = YES_ERROR;
				CLANG_WARN_DOCUMENTATION_COMMENTS = YES;
				CLANG_WARN_EMPTY_BODY = YES;
				CLANG_WARN_ENUM_CONVERSION = YES;
				CLANG_WARN_INFINITE_RECURSION = YES;
				CLANG_WARN_INT_CONVERSION = YES;
				CLANG_WARN_NON_LITERAL_NULL_CONVERSION = YES;
				CLANG_WARN_OBJC_LITERAL_CONVERSION = YES;
				CLANG_WARN_OBJC_ROOT_CLASS = YES_ERROR;
				CLANG_WARN_RANGE_LOOP_ANALYSIS = YES;
				CLANG_WARN_STRICT_PROTOTYPES = YES;
				CLANG_WARN_SUSPICIOUS_MOVE = YES;
				CLANG_WARN_UNGUARDED_AVAILABILITY = YES_AGGRESSIVE;
				CLANG_WARN_UNREACHABLE_CODE = YES;
				CLANG_WARN__DUPLICATE_METHOD_MATCH = YES;
				CODE_SIGN_IDENTITY = "iPhone Developer";
				COPY_PHASE_STRIP = NO;
				DEBUG_INFORMATION_FORMAT = "dwarf-with-dsym";
				ENABLE_NS_ASSERTIONS = NO;
				ENABLE_STRICT_OBJC_MSGSEND = YES;
				GCC_C_LANGUAGE_STANDARD = gnu11;
				GCC_NO_COMMON_BLOCKS = YES;
				GCC_WARN_64_TO_32_BIT_CONVERSION = YES;
				GCC_WARN_ABOUT_RETURN_TYPE = YES_ERROR;
				GCC_WARN_UNDECLARED_SELECTOR = YES;
				GCC_WARN_UNINITIALIZED_AUTOS = YES_AGGRESSIVE;
				GCC_WARN_UNUSED_FUNCTION = YES;
				GCC_WARN_UNUSED_VARIABLE = YES;
				IPHONEOS_DEPLOYMENT_TARGET = 9.0;
				MTL_ENABLE_DEBUG_INFO = NO;
				SDKROOT = iphoneos;
				VALIDATE_PRODUCT = YES;
			};
			name = Release;
		};
		41AB79D21FCE8E3F00748922 /* Debug */ = {
			isa = XCBuildConfiguration;
			buildSettings = {
				ASSETCATALOG_COMPILER_APPICON_NAME = AppIcon;
				CODE_SIGN_STYLE = Automatic;
				INFOPLIST_FILE = ProgressView/Info.plist;
				LD_RUNPATH_SEARCH_PATHS = "$(inherited) @executable_path/Frameworks";
				PRODUCT_BUNDLE_IDENTIFIER = com.fxkj.ProgressView;
				PRODUCT_NAME = "$(TARGET_NAME)";
				TARGETED_DEVICE_FAMILY = "1,2";
			};
			name = Debug;
		};
		41AB79D31FCE8E3F00748922 /* Release */ = {
			isa = XCBuildConfiguration;
			buildSettings = {
				ASSETCATALOG_COMPILER_APPICON_NAME = AppIcon;
				CODE_SIGN_STYLE = Automatic;
				INFOPLIST_FILE = ProgressView/Info.plist;
				LD_RUNPATH_SEARCH_PATHS = "$(inherited) @executable_path/Frameworks";
				PRODUCT_BUNDLE_IDENTIFIER = com.fxkj.ProgressView;
				PRODUCT_NAME = "$(TARGET_NAME)";
				TARGETED_DEVICE_FAMILY = "1,2";
			};
			name = Release;
		};
/* End XCBuildConfiguration section */

/* Begin XCConfigurationList section */
		41AB79B61FCE8E3F00748922 /* Build configuration list for PBXProject "ProgressView" */ = {
			isa = XCConfigurationList;
			buildConfigurations = (
				41AB79CF1FCE8E3F00748922 /* Debug */,
				41AB79D01FCE8E3F00748922 /* Release */,
			);
			defaultConfigurationIsVisible = 0;
			defaultConfigurationName = Release;
		};
		41AB79D11FCE8E3F00748922 /* Build configuration list for PBXNativeTarget "ProgressView" */ = {
			isa = XCConfigurationList;
			buildConfigurations = (
				41AB79D21FCE8E3F00748922 /* Debug */,
				41AB79D31FCE8E3F00748922 /* Release */,
			);
			defaultConfigurationIsVisible = 0;
			defaultConfigurationName = Release;
		};
/* End XCConfigurationList section */
	};
	rootObject = 41AB79B31FCE8E3F00748922 /* Project object */;
}
